// !$*UTF8*$!
{
	archiveVersion = 1;
	classes = {
	};
	objectVersion = 56;
	objects = {

/* Begin PBXBuildFile section */
		12114DFB2B695D5300BB6791 /* LegacyBooksApp.swift in Sources */ = {isa = PBXBuildFile; fileRef = 12114DFA2B695D5300BB6791 /* LegacyBooksApp.swift */; };
		12114DFD2B695D5300BB6791 /* BookListView.swift in Sources */ = {isa = PBXBuildFile; fileRef = 12114DFC2B695D5300BB6791 /* BookListView.swift */; };
		12114DFF2B695D5500BB6791 /* Assets.xcassets in Resources */ = {isa = PBXBuildFile; fileRef = 12114DFE2B695D5500BB6791 /* Assets.xcassets */; };
		12114E032B695D5500BB6791 /* Preview Assets.xcassets in Resources */ = {isa = PBXBuildFile; fileRef = 12114E022B695D5500BB6791 /* Preview Assets.xcassets */; };
		12114E0D2B695D5500BB6791 /* LegacyBooksTests.swift in Sources */ = {isa = PBXBuildFile; fileRef = 12114E0C2B695D5500BB6791 /* LegacyBooksTests.swift */; };
		12114E172B695D5500BB6791 /* LegacyBooksUITests.swift in Sources */ = {isa = PBXBuildFile; fileRef = 12114E162B695D5500BB6791 /* LegacyBooksUITests.swift */; };
		12114E192B695D5500BB6791 /* LegacyBooksUITestsLaunchTests.swift in Sources */ = {isa = PBXBuildFile; fileRef = 12114E182B695D5500BB6791 /* LegacyBooksUITestsLaunchTests.swift */; };
		12114E292B695D8D00BB6791 /* Book.swift in Sources */ = {isa = PBXBuildFile; fileRef = 12114E282B695D8D00BB6791 /* Book.swift */; };
		12114E2B2B69648A00BB6791 /* AddNewBookView.swift in Sources */ = {isa = PBXBuildFile; fileRef = 12114E2A2B69648A00BB6791 /* AddNewBookView.swift */; };
		12114E2E2B69676400BB6791 /* HapticsManager.swift in Sources */ = {isa = PBXBuildFile; fileRef = 12114E2D2B69676400BB6791 /* HapticsManager.swift */; };
		12114E322B6984A200BB6791 /* EditBookView.swift in Sources */ = {isa = PBXBuildFile; fileRef = 12114E312B6984A200BB6791 /* EditBookView.swift */; };
		12114E342B6988A400BB6791 /* RatingsView.swift in Sources */ = {isa = PBXBuildFile; fileRef = 12114E332B6988A400BB6791 /* RatingsView.swift */; };
/* End PBXBuildFile section */

/* Begin PBXContainerItemProxy section */
		12114E092B695D5500BB6791 /* PBXContainerItemProxy */ = {
			isa = PBXContainerItemProxy;
			containerPortal = 12114DEF2B695D5300BB6791 /* Project object */;
			proxyType = 1;
			remoteGlobalIDString = 12114DF62B695D5300BB6791;
			remoteInfo = LegacyBooks;
		};
		12114E132B695D5500BB6791 /* PBXContainerItemProxy */ = {
			isa = PBXContainerItemProxy;
			containerPortal = 12114DEF2B695D5300BB6791 /* Project object */;
			proxyType = 1;
			remoteGlobalIDString = 12114DF62B695D5300BB6791;
			remoteInfo = LegacyBooks;
		};
/* End PBXContainerItemProxy section */

/* Begin PBXFileReference section */
		12114DF72B695D5300BB6791 /* LegacyBooks.app */ = {isa = PBXFileReference; explicitFileType = wrapper.application; includeInIndex = 0; path = LegacyBooks.app; sourceTree = BUILT_PRODUCTS_DIR; };
		12114DFA2B695D5300BB6791 /* LegacyBooksApp.swift */ = {isa = PBXFileReference; lastKnownFileType = sourcecode.swift; path = LegacyBooksApp.swift; sourceTree = "<group>"; };
		12114DFC2B695D5300BB6791 /* BookListView.swift */ = {isa = PBXFileReference; lastKnownFileType = sourcecode.swift; path = BookListView.swift; sourceTree = "<group>"; };
		12114DFE2B695D5500BB6791 /* Assets.xcassets */ = {isa = PBXFileReference; lastKnownFileType = folder.assetcatalog; path = Assets.xcassets; sourceTree = "<group>"; };
		12114E002B695D5500BB6791 /* LegacyBooks.entitlements */ = {isa = PBXFileReference; lastKnownFileType = text.plist.entitlements; path = LegacyBooks.entitlements; sourceTree = "<group>"; };
		12114E022B695D5500BB6791 /* Preview Assets.xcassets */ = {isa = PBXFileReference; lastKnownFileType = folder.assetcatalog; path = "Preview Assets.xcassets"; sourceTree = "<group>"; };
		12114E082B695D5500BB6791 /* LegacyBooksTests.xctest */ = {isa = PBXFileReference; explicitFileType = wrapper.cfbundle; includeInIndex = 0; path = LegacyBooksTests.xctest; sourceTree = BUILT_PRODUCTS_DIR; };
		12114E0C2B695D5500BB6791 /* LegacyBooksTests.swift */ = {isa = PBXFileReference; lastKnownFileType = sourcecode.swift; path = LegacyBooksTests.swift; sourceTree = "<group>"; };
		12114E122B695D5500BB6791 /* LegacyBooksUITests.xctest */ = {isa = PBXFileReference; explicitFileType = wrapper.cfbundle; includeInIndex = 0; path = LegacyBooksUITests.xctest; sourceTree = BUILT_PRODUCTS_DIR; };
		12114E162B695D5500BB6791 /* LegacyBooksUITests.swift */ = {isa = PBXFileReference; lastKnownFileType = sourcecode.swift; path = LegacyBooksUITests.swift; sourceTree = "<group>"; };
		12114E182B695D5500BB6791 /* LegacyBooksUITestsLaunchTests.swift */ = {isa = PBXFileReference; lastKnownFileType = sourcecode.swift; path = LegacyBooksUITestsLaunchTests.swift; sourceTree = "<group>"; };
		12114E282B695D8D00BB6791 /* Book.swift */ = {isa = PBXFileReference; lastKnownFileType = sourcecode.swift; path = Book.swift; sourceTree = "<group>"; };
		12114E2A2B69648A00BB6791 /* AddNewBookView.swift */ = {isa = PBXFileReference; lastKnownFileType = sourcecode.swift; path = AddNewBookView.swift; sourceTree = "<group>"; };
		12114E2D2B69676400BB6791 /* HapticsManager.swift */ = {isa = PBXFileReference; lastKnownFileType = sourcecode.swift; path = HapticsManager.swift; sourceTree = "<group>"; };
		12114E312B6984A200BB6791 /* EditBookView.swift */ = {isa = PBXFileReference; lastKnownFileType = sourcecode.swift; path = EditBookView.swift; sourceTree = "<group>"; };
		12114E332B6988A400BB6791 /* RatingsView.swift */ = {isa = PBXFileReference; lastKnownFileType = sourcecode.swift; path = RatingsView.swift; sourceTree = "<group>"; };
/* End PBXFileReference section */

/* Begin PBXFrameworksBuildPhase section */
		12114DF42B695D5300BB6791 /* Frameworks */ = {
			isa = PBXFrameworksBuildPhase;
			buildActionMask = 2147483647;
			files = (
			);
			runOnlyForDeploymentPostprocessing = 0;
		};
		12114E052B695D5500BB6791 /* Frameworks */ = {
			isa = PBXFrameworksBuildPhase;
			buildActionMask = 2147483647;
			files = (
			);
			runOnlyForDeploymentPostprocessing = 0;
		};
		12114E0F2B695D5500BB6791 /* Frameworks */ = {
			isa = PBXFrameworksBuildPhase;
			buildActionMask = 2147483647;
			files = (
			);
			runOnlyForDeploymentPostprocessing = 0;
		};
/* End PBXFrameworksBuildPhase section */

/* Begin PBXGroup section */
		12114DEE2B695D5300BB6791 = {
			isa = PBXGroup;
			children = (
				12114DF92B695D5300BB6791 /* LegacyBooks */,
				12114E0B2B695D5500BB6791 /* LegacyBooksTests */,
				12114E152B695D5500BB6791 /* LegacyBooksUITests */,
				12114DF82B695D5300BB6791 /* Products */,
			);
			sourceTree = "<group>";
		};
		12114DF82B695D5300BB6791 /* Products */ = {
			isa = PBXGroup;
			children = (
				12114DF72B695D5300BB6791 /* LegacyBooks.app */,
				12114E082B695D5500BB6791 /* LegacyBooksTests.xctest */,
				12114E122B695D5500BB6791 /* LegacyBooksUITests.xctest */,
			);
			name = Products;
			sourceTree = "<group>";
		};
		12114DF92B695D5300BB6791 /* LegacyBooks */ = {
			isa = PBXGroup;
			children = (
				12114E2C2B69674F00BB6791 /* Support */,
				12114E262B695D6A00BB6791 /* Models */,
				12114E252B695D6000BB6791 /* Views */,
				12114E272B695D7600BB6791 /* Screens */,
				12114DFE2B695D5500BB6791 /* Assets.xcassets */,
				12114E002B695D5500BB6791 /* LegacyBooks.entitlements */,
				12114E012B695D5500BB6791 /* Preview Content */,
			);
			path = LegacyBooks;
			sourceTree = "<group>";
		};
		12114E012B695D5500BB6791 /* Preview Content */ = {
			isa = PBXGroup;
			children = (
				12114E022B695D5500BB6791 /* Preview Assets.xcassets */,
			);
			path = "Preview Content";
			sourceTree = "<group>";
		};
		12114E0B2B695D5500BB6791 /* LegacyBooksTests */ = {
			isa = PBXGroup;
			children = (
				12114E0C2B695D5500BB6791 /* LegacyBooksTests.swift */,
			);
			path = LegacyBooksTests;
			sourceTree = "<group>";
		};
		12114E152B695D5500BB6791 /* LegacyBooksUITests */ = {
			isa = PBXGroup;
			children = (
				12114E162B695D5500BB6791 /* LegacyBooksUITests.swift */,
				12114E182B695D5500BB6791 /* LegacyBooksUITestsLaunchTests.swift */,
			);
			path = LegacyBooksUITests;
			sourceTree = "<group>";
		};
		12114E252B695D6000BB6791 /* Views */ = {
			isa = PBXGroup;
			children = (
				12114DFC2B695D5300BB6791 /* BookListView.swift */,
				12114E2A2B69648A00BB6791 /* AddNewBookView.swift */,
				12114E312B6984A200BB6791 /* EditBookView.swift */,
				12114E332B6988A400BB6791 /* RatingsView.swift */,
			);
			path = Views;
			sourceTree = "<group>";
		};
		12114E262B695D6A00BB6791 /* Models */ = {
			isa = PBXGroup;
			children = (
				12114DFA2B695D5300BB6791 /* LegacyBooksApp.swift */,
				12114E282B695D8D00BB6791 /* Book.swift */,
			);
			path = Models;
			sourceTree = "<group>";
		};
		12114E272B695D7600BB6791 /* Screens */ = {
			isa = PBXGroup;
			children = (
			);
			path = Screens;
			sourceTree = "<group>";
		};
		12114E2C2B69674F00BB6791 /* Support */ = {
			isa = PBXGroup;
			children = (
				12114E2D2B69676400BB6791 /* HapticsManager.swift */,
			);
			path = Support;
			sourceTree = "<group>";
		};
/* End PBXGroup section */

/* Begin PBXNativeTarget section */
		12114DF62B695D5300BB6791 /* LegacyBooks */ = {
			isa = PBXNativeTarget;
			buildConfigurationList = 12114E1C2B695D5500BB6791 /* Build configuration list for PBXNativeTarget "LegacyBooks" */;
			buildPhases = (
				12114DF32B695D5300BB6791 /* Sources */,
				12114DF42B695D5300BB6791 /* Frameworks */,
				12114DF52B695D5300BB6791 /* Resources */,
			);
			buildRules = (
			);
			dependencies = (
			);
			name = LegacyBooks;
			productName = LegacyBooks;
			productReference = 12114DF72B695D5300BB6791 /* LegacyBooks.app */;
			productType = "com.apple.product-type.application";
		};
		12114E072B695D5500BB6791 /* LegacyBooksTests */ = {
			isa = PBXNativeTarget;
			buildConfigurationList = 12114E1F2B695D5500BB6791 /* Build configuration list for PBXNativeTarget "LegacyBooksTests" */;
			buildPhases = (
				12114E042B695D5500BB6791 /* Sources */,
				12114E052B695D5500BB6791 /* Frameworks */,
				12114E062B695D5500BB6791 /* Resources */,
			);
			buildRules = (
			);
			dependencies = (
				12114E0A2B695D5500BB6791 /* PBXTargetDependency */,
			);
			name = LegacyBooksTests;
			productName = LegacyBooksTests;
			productReference = 12114E082B695D5500BB6791 /* LegacyBooksTests.xctest */;
			productType = "com.apple.product-type.bundle.unit-test";
		};
		12114E112B695D5500BB6791 /* LegacyBooksUITests */ = {
			isa = PBXNativeTarget;
			buildConfigurationList = 12114E222B695D5500BB6791 /* Build configuration list for PBXNativeTarget "LegacyBooksUITests" */;
			buildPhases = (
				12114E0E2B695D5500BB6791 /* Sources */,
				12114E0F2B695D5500BB6791 /* Frameworks */,
				12114E102B695D5500BB6791 /* Resources */,
			);
			buildRules = (
			);
			dependencies = (
				12114E142B695D5500BB6791 /* PBXTargetDependency */,
			);
			name = LegacyBooksUITests;
			productName = LegacyBooksUITests;
			productReference = 12114E122B695D5500BB6791 /* LegacyBooksUITests.xctest */;
			productType = "com.apple.product-type.bundle.ui-testing";
		};
/* End PBXNativeTarget section */

/* Begin PBXProject section */
		12114DEF2B695D5300BB6791 /* Project object */ = {
			isa = PBXProject;
			attributes = {
				BuildIndependentTargetsInParallel = 1;
				LastSwiftUpdateCheck = 1520;
				LastUpgradeCheck = 1520;
				TargetAttributes = {
					12114DF62B695D5300BB6791 = {
						CreatedOnToolsVersion = 15.2;
					};
					12114E072B695D5500BB6791 = {
						CreatedOnToolsVersion = 15.2;
						TestTargetID = 12114DF62B695D5300BB6791;
					};
					12114E112B695D5500BB6791 = {
						CreatedOnToolsVersion = 15.2;
						TestTargetID = 12114DF62B695D5300BB6791;
					};
				};
			};
			buildConfigurationList = 12114DF22B695D5300BB6791 /* Build configuration list for PBXProject "LegacyBooks" */;
			compatibilityVersion = "Xcode 14.0";
			developmentRegion = en;
			hasScannedForEncodings = 0;
			knownRegions = (
				en,
				Base,
			);
			mainGroup = 12114DEE2B695D5300BB6791;
			productRefGroup = 12114DF82B695D5300BB6791 /* Products */;
			projectDirPath = "";
			projectRoot = "";
			targets = (
				12114DF62B695D5300BB6791 /* LegacyBooks */,
				12114E072B695D5500BB6791 /* LegacyBooksTests */,
				12114E112B695D5500BB6791 /* LegacyBooksUITests */,
			);
		};
/* End PBXProject section */

/* Begin PBXResourcesBuildPhase section */
		12114DF52B695D5300BB6791 /* Resources */ = {
			isa = PBXResourcesBuildPhase;
			buildActionMask = 2147483647;
			files = (
				12114E032B695D5500BB6791 /* Preview Assets.xcassets in Resources */,
				12114DFF2B695D5500BB6791 /* Assets.xcassets in Resources */,
			);
			runOnlyForDeploymentPostprocessing = 0;
		};
		12114E062B695D5500BB6791 /* Resources */ = {
			isa = PBXResourcesBuildPhase;
			buildActionMask = 2147483647;
			files = (
			);
			runOnlyForDeploymentPostprocessing = 0;
		};
		12114E102B695D5500BB6791 /* Resources */ = {
			isa = PBXResourcesBuildPhase;
			buildActionMask = 2147483647;
			files = (
			);
			runOnlyForDeploymentPostprocessing = 0;
		};
/* End PBXResourcesBuildPhase section */

/* Begin PBXSourcesBuildPhase section */
		12114DF32B695D5300BB6791 /* Sources */ = {
			isa = PBXSourcesBuildPhase;
			buildActionMask = 2147483647;
			files = (
				12114DFD2B695D5300BB6791 /* BookListView.swift in Sources */,
				12114E342B6988A400BB6791 /* RatingsView.swift in Sources */,
				12114DFB2B695D5300BB6791 /* LegacyBooksApp.swift in Sources */,
				12114E292B695D8D00BB6791 /* Book.swift in Sources */,
				12114E322B6984A200BB6791 /* EditBookView.swift in Sources */,
				12114E2E2B69676400BB6791 /* HapticsManager.swift in Sources */,
				12114E2B2B69648A00BB6791 /* AddNewBookView.swift in Sources */,
			);
			runOnlyForDeploymentPostprocessing = 0;
		};
		12114E042B695D5500BB6791 /* Sources */ = {
			isa = PBXSourcesBuildPhase;
			buildActionMask = 2147483647;
			files = (
				12114E0D2B695D5500BB6791 /* LegacyBooksTests.swift in Sources */,
			);
			runOnlyForDeploymentPostprocessing = 0;
		};
		12114E0E2B695D5500BB6791 /* Sources */ = {
			isa = PBXSourcesBuildPhase;
			buildActionMask = 2147483647;
			files = (
				12114E192B695D5500BB6791 /* LegacyBooksUITestsLaunchTests.swift in Sources */,
				12114E172B695D5500BB6791 /* LegacyBooksUITests.swift in Sources */,
			);
			runOnlyForDeploymentPostprocessing = 0;
		};
/* End PBXSourcesBuildPhase section */

/* Begin PBXTargetDependency section */
		12114E0A2B695D5500BB6791 /* PBXTargetDependency */ = {
			isa = PBXTargetDependency;
			target = 12114DF62B695D5300BB6791 /* LegacyBooks */;
			targetProxy = 12114E092B695D5500BB6791 /* PBXContainerItemProxy */;
		};
		12114E142B695D5500BB6791 /* PBXTargetDependency */ = {
			isa = PBXTargetDependency;
			target = 12114DF62B695D5300BB6791 /* LegacyBooks */;
			targetProxy = 12114E132B695D5500BB6791 /* PBXContainerItemProxy */;
		};
/* End PBXTargetDependency section */

/* Begin XCBuildConfiguration section */
		12114E1A2B695D5500BB6791 /* Debug */ = {
			isa = XCBuildConfiguration;
			buildSettings = {
				ALWAYS_SEARCH_USER_PATHS = NO;
				ASSETCATALOG_COMPILER_GENERATE_SWIFT_ASSET_SYMBOL_EXTENSIONS = YES;
				CLANG_ANALYZER_NONNULL = YES;
				CLANG_ANALYZER_NUMBER_OBJECT_CONVERSION = YES_AGGRESSIVE;
				CLANG_CXX_LANGUAGE_STANDARD = "gnu++20";
				CLANG_ENABLE_MODULES = YES;
				CLANG_ENABLE_OBJC_ARC = YES;
				CLANG_ENABLE_OBJC_WEAK = YES;
				CLANG_WARN_BLOCK_CAPTURE_AUTORELEASING = YES;
				CLANG_WARN_BOOL_CONVERSION = YES;
				CLANG_WARN_COMMA = YES;
				CLANG_WARN_CONSTANT_CONVERSION = YES;
				CLANG_WARN_DEPRECATED_OBJC_IMPLEMENTATIONS = YES;
				CLANG_WARN_DIRECT_OBJC_ISA_USAGE = YES_ERROR;
				CLANG_WARN_DOCUMENTATION_COMMENTS = YES;
				CLANG_WARN_EMPTY_BODY = YES;
				CLANG_WARN_ENUM_CONVERSION = YES;
				CLANG_WARN_INFINITE_RECURSION = YES;
				CLANG_WARN_INT_CONVERSION = YES;
				CLANG_WARN_NON_LITERAL_NULL_CONVERSION = YES;
				CLANG_WARN_OBJC_IMPLICIT_RETAIN_SELF = YES;
				CLANG_WARN_OBJC_LITERAL_CONVERSION = YES;
				CLANG_WARN_OBJC_ROOT_CLASS = YES_ERROR;
				CLANG_WARN_QUOTED_INCLUDE_IN_FRAMEWORK_HEADER = YES;
				CLANG_WARN_RANGE_LOOP_ANALYSIS = YES;
				CLANG_WARN_STRICT_PROTOTYPES = YES;
				CLANG_WARN_SUSPICIOUS_MOVE = YES;
				CLANG_WARN_UNGUARDED_AVAILABILITY = YES_AGGRESSIVE;
				CLANG_WARN_UNREACHABLE_CODE = YES;
				CLANG_WARN__DUPLICATE_METHOD_MATCH = YES;
				COPY_PHASE_STRIP = NO;
				DEBUG_INFORMATION_FORMAT = dwarf;
				ENABLE_STRICT_OBJC_MSGSEND = YES;
				ENABLE_TESTABILITY = YES;
				ENABLE_USER_SCRIPT_SANDBOXING = YES;
				GCC_C_LANGUAGE_STANDARD = gnu17;
				GCC_DYNAMIC_NO_PIC = NO;
				GCC_NO_COMMON_BLOCKS = YES;
				GCC_OPTIMIZATION_LEVEL = 0;
				GCC_PREPROCESSOR_DEFINITIONS = (
					"DEBUG=1",
					"$(inherited)",
				);
				GCC_WARN_64_TO_32_BIT_CONVERSION = YES;
				GCC_WARN_ABOUT_RETURN_TYPE = YES_ERROR;
				GCC_WARN_UNDECLARED_SELECTOR = YES;
				GCC_WARN_UNINITIALIZED_AUTOS = YES_AGGRESSIVE;
				GCC_WARN_UNUSED_FUNCTION = YES;
				GCC_WARN_UNUSED_VARIABLE = YES;
				LOCALIZATION_PREFERS_STRING_CATALOGS = YES;
				MTL_ENABLE_DEBUG_INFO = INCLUDE_SOURCE;
				MTL_FAST_MATH = YES;
				ONLY_ACTIVE_ARCH = YES;
				SWIFT_ACTIVE_COMPILATION_CONDITIONS = "DEBUG $(inherited)";
				SWIFT_OPTIMIZATION_LEVEL = "-Onone";
			};
			name = Debug;
		};
		12114E1B2B695D5500BB6791 /* Release */ = {
			isa = XCBuildConfiguration;
			buildSettings = {
				ALWAYS_SEARCH_USER_PATHS = NO;
				ASSETCATALOG_COMPILER_GENERATE_SWIFT_ASSET_SYMBOL_EXTENSIONS = YES;
				CLANG_ANALYZER_NONNULL = YES;
				CLANG_ANALYZER_NUMBER_OBJECT_CONVERSION = YES_AGGRESSIVE;
				CLANG_CXX_LANGUAGE_STANDARD = "gnu++20";
				CLANG_ENABLE_MODULES = YES;
				CLANG_ENABLE_OBJC_ARC = YES;
				CLANG_ENABLE_OBJC_WEAK = YES;
				CLANG_WARN_BLOCK_CAPTURE_AUTORELEASING = YES;
				CLANG_WARN_BOOL_CONVERSION = YES;
				CLANG_WARN_COMMA = YES;
				CLANG_WARN_CONSTANT_CONVERSION = YES;
				CLANG_WARN_DEPRECATED_OBJC_IMPLEMENTATIONS = YES;
				CLANG_WARN_DIRECT_OBJC_ISA_USAGE = YES_ERROR;
				CLANG_WARN_DOCUMENTATION_COMMENTS = YES;
				CLANG_WARN_EMPTY_BODY = YES;
				CLANG_WARN_ENUM_CONVERSION = YES;
				CLANG_WARN_INFINITE_RECURSION = YES;
				CLANG_WARN_INT_CONVERSION = YES;
				CLANG_WARN_NON_LITERAL_NULL_CONVERSION = YES;
				CLANG_WARN_OBJC_IMPLICIT_RETAIN_SELF = YES;
				CLANG_WARN_OBJC_LITERAL_CONVERSION = YES;
				CLANG_WARN_OBJC_ROOT_CLASS = YES_ERROR;
				CLANG_WARN_QUOTED_INCLUDE_IN_FRAMEWORK_HEADER = YES;
				CLANG_WARN_RANGE_LOOP_ANALYSIS = YES;
				CLANG_WARN_STRICT_PROTOTYPES = YES;
				CLANG_WARN_SUSPICIOUS_MOVE = YES;
				CLANG_WARN_UNGUARDED_AVAILABILITY = YES_AGGRESSIVE;
				CLANG_WARN_UNREACHABLE_CODE = YES;
				CLANG_WARN__DUPLICATE_METHOD_MATCH = YES;
				COPY_PHASE_STRIP = NO;
				DEBUG_INFORMATION_FORMAT = "dwarf-with-dsym";
				ENABLE_NS_ASSERTIONS = NO;
				ENABLE_STRICT_OBJC_MSGSEND = YES;
				ENABLE_USER_SCRIPT_SANDBOXING = YES;
				GCC_C_LANGUAGE_STANDARD = gnu17;
				GCC_NO_COMMON_BLOCKS = YES;
				GCC_WARN_64_TO_32_BIT_CONVERSION = YES;
				GCC_WARN_ABOUT_RETURN_TYPE = YES_ERROR;
				GCC_WARN_UNDECLARED_SELECTOR = YES;
				GCC_WARN_UNINITIALIZED_AUTOS = YES_AGGRESSIVE;
				GCC_WARN_UNUSED_FUNCTION = YES;
				GCC_WARN_UNUSED_VARIABLE = YES;
				LOCALIZATION_PREFERS_STRING_CATALOGS = YES;
				MTL_ENABLE_DEBUG_INFO = NO;
				MTL_FAST_MATH = YES;
				SWIFT_COMPILATION_MODE = wholemodule;
			};
			name = Release;
		};
		12114E1D2B695D5500BB6791 /* Debug */ = {
			isa = XCBuildConfiguration;
			buildSettings = {
				ASSETCATALOG_COMPILER_APPICON_NAME = AppIcon;
				ASSETCATALOG_COMPILER_GLOBAL_ACCENT_COLOR_NAME = AccentColor;
				CODE_SIGN_ENTITLEMENTS = LegacyBooks/LegacyBooks.entitlements;
				CODE_SIGN_STYLE = Automatic;
				CURRENT_PROJECT_VERSION = 1;
				DEVELOPMENT_ASSET_PATHS = "\"LegacyBooks/Preview Content\"";
				DEVELOPMENT_TEAM = 8QQYNTY523;
				ENABLE_HARDENED_RUNTIME = YES;
				ENABLE_PREVIEWS = YES;
				GENERATE_INFOPLIST_FILE = YES;
				"INFOPLIST_KEY_UIApplicationSceneManifest_Generation[sdk=iphoneos*]" = YES;
				"INFOPLIST_KEY_UIApplicationSceneManifest_Generation[sdk=iphonesimulator*]" = YES;
				"INFOPLIST_KEY_UIApplicationSupportsIndirectInputEvents[sdk=iphoneos*]" = YES;
				"INFOPLIST_KEY_UIApplicationSupportsIndirectInputEvents[sdk=iphonesimulator*]" = YES;
				"INFOPLIST_KEY_UILaunchScreen_Generation[sdk=iphoneos*]" = YES;
				"INFOPLIST_KEY_UILaunchScreen_Generation[sdk=iphonesimulator*]" = YES;
				"INFOPLIST_KEY_UIStatusBarStyle[sdk=iphoneos*]" = UIStatusBarStyleDefault;
				"INFOPLIST_KEY_UIStatusBarStyle[sdk=iphonesimulator*]" = UIStatusBarStyleDefault;
				INFOPLIST_KEY_UISupportedInterfaceOrientations_iPad = "UIInterfaceOrientationPortrait UIInterfaceOrientationPortraitUpsideDown UIInterfaceOrientationLandscapeLeft UIInterfaceOrientationLandscapeRight";
				INFOPLIST_KEY_UISupportedInterfaceOrientations_iPhone = "UIInterfaceOrientationPortrait UIInterfaceOrientationLandscapeLeft UIInterfaceOrientationLandscapeRight";
				IPHONEOS_DEPLOYMENT_TARGET = 17.2;
				LD_RUNPATH_SEARCH_PATHS = "@executable_path/Frameworks";
				"LD_RUNPATH_SEARCH_PATHS[sdk=macosx*]" = "@executable_path/../Frameworks";
				MACOSX_DEPLOYMENT_TARGET = 14.2;
				MARKETING_VERSION = 1.0;
				PRODUCT_BUNDLE_IDENTIFIER = com.weldtactics.LegacyBooks;
				PRODUCT_NAME = "$(TARGET_NAME)";
				SDKROOT = auto;
				SUPPORTED_PLATFORMS = "iphoneos iphonesimulator macosx";
				SWIFT_EMIT_LOC_STRINGS = YES;
				SWIFT_VERSION = 5.0;
				TARGETED_DEVICE_FAMILY = "1,2";
			};
			name = Debug;
		};
		12114E1E2B695D5500BB6791 /* Release */ = {
			isa = XCBuildConfiguration;
			buildSettings = {
				ASSETCATALOG_COMPILER_APPICON_NAME = AppIcon;
				ASSETCATALOG_COMPILER_GLOBAL_ACCENT_COLOR_NAME = AccentColor;
				CODE_SIGN_ENTITLEMENTS = LegacyBooks/LegacyBooks.entitlements;
				CODE_SIGN_STYLE = Automatic;
				CURRENT_PROJECT_VERSION = 1;
				DEVELOPMENT_ASSET_PATHS = "\"LegacyBooks/Preview Content\"";
				DEVELOPMENT_TEAM = 8QQYNTY523;
				ENABLE_HARDENED_RUNTIME = YES;
				ENABLE_PREVIEWS = YES;
				GENERATE_INFOPLIST_FILE = YES;
				"INFOPLIST_KEY_UIApplicationSceneManifest_Generation[sdk=iphoneos*]" = YES;
				"INFOPLIST_KEY_UIApplicationSceneManifest_Generation[sdk=iphonesimulator*]" = YES;
				"INFOPLIST_KEY_UIApplicationSupportsIndirectInputEvents[sdk=iphoneos*]" = YES;
				"INFOPLIST_KEY_UIApplicationSupportsIndirectInputEvents[sdk=iphonesimulator*]" = YES;
				"INFOPLIST_KEY_UILaunchScreen_Generation[sdk=iphoneos*]" = YES;
				"INFOPLIST_KEY_UILaunchScreen_Generation[sdk=iphonesimulator*]" = YES;
				"INFOPLIST_KEY_UIStatusBarStyle[sdk=iphoneos*]" = UIStatusBarStyleDefault;
				"INFOPLIST_KEY_UIStatusBarStyle[sdk=iphonesimulator*]" = UIStatusBarStyleDefault;
				INFOPLIST_KEY_UISupportedInterfaceOrientations_iPad = "UIInterfaceOrientationPortrait UIInterfaceOrientationPortraitUpsideDown UIInterfaceOrientationLandscapeLeft UIInterfaceOrientationLandscapeRight";
				INFOPLIST_KEY_UISupportedInterfaceOrientations_iPhone = "UIInterfaceOrientationPortrait UIInterfaceOrientationLandscapeLeft UIInterfaceOrientationLandscapeRight";
				IPHONEOS_DEPLOYMENT_TARGET = 17.2;
				LD_RUNPATH_SEARCH_PATHS = "@executable_path/Frameworks";
				"LD_RUNPATH_SEARCH_PATHS[sdk=macosx*]" = "@executable_path/../Frameworks";
				MACOSX_DEPLOYMENT_TARGET = 14.2;
				MARKETING_VERSION = 1.0;
				PRODUCT_BUNDLE_IDENTIFIER = com.weldtactics.LegacyBooks;
				PRODUCT_NAME = "$(TARGET_NAME)";
				SDKROOT = auto;
				SUPPORTED_PLATFORMS = "iphoneos iphonesimulator macosx";
				SWIFT_EMIT_LOC_STRINGS = YES;
				SWIFT_VERSION = 5.0;
				TARGETED_DEVICE_FAMILY = "1,2";
			};
			name = Release;
		};
		12114E202B695D5500BB6791 /* Debug */ = {
			isa = XCBuildConfiguration;
			buildSettings = {
				ALWAYS_EMBED_SWIFT_STANDARD_LIBRARIES = YES;
				BUNDLE_LOADER = "$(TEST_HOST)";
				CODE_SIGN_STYLE = Automatic;
				CURRENT_PROJECT_VERSION = 1;
				DEVELOPMENT_TEAM = 8QQYNTY523;
				GENERATE_INFOPLIST_FILE = YES;
				IPHONEOS_DEPLOYMENT_TARGET = 17.2;
				MACOSX_DEPLOYMENT_TARGET = 14.2;
				MARKETING_VERSION = 1.0;
				PRODUCT_BUNDLE_IDENTIFIER = com.weldtactics.LegacyBooksTests;
				PRODUCT_NAME = "$(TARGET_NAME)";
				SDKROOT = auto;
				SUPPORTED_PLATFORMS = "iphoneos iphonesimulator macosx";
				SWIFT_EMIT_LOC_STRINGS = NO;
				SWIFT_VERSION = 5.0;
				TARGETED_DEVICE_FAMILY = "1,2";
				TEST_HOST = "$(BUILT_PRODUCTS_DIR)/LegacyBooks.app/$(BUNDLE_EXECUTABLE_FOLDER_PATH)/LegacyBooks";
			};
			name = Debug;
		};
		12114E212B695D5500BB6791 /* Release */ = {
			isa = XCBuildConfiguration;
			buildSettings = {
				ALWAYS_EMBED_SWIFT_STANDARD_LIBRARIES = YES;
				BUNDLE_LOADER = "$(TEST_HOST)";
				CODE_SIGN_STYLE = Automatic;
				CURRENT_PROJECT_VERSION = 1;
				DEVELOPMENT_TEAM = 8QQYNTY523;
				GENERATE_INFOPLIST_FILE = YES;
				IPHONEOS_DEPLOYMENT_TARGET = 17.2;
				MACOSX_DEPLOYMENT_TARGET = 14.2;
				MARKETING_VERSION = 1.0;
				PRODUCT_BUNDLE_IDENTIFIER = com.weldtactics.LegacyBooksTests;
				PRODUCT_NAME = "$(TARGET_NAME)";
				SDKROOT = auto;
				SUPPORTED_PLATFORMS = "iphoneos iphonesimulator macosx";
				SWIFT_EMIT_LOC_STRINGS = NO;
				SWIFT_VERSION = 5.0;
				TARGETED_DEVICE_FAMILY = "1,2";
				TEST_HOST = "$(BUILT_PRODUCTS_DIR)/LegacyBooks.app/$(BUNDLE_EXECUTABLE_FOLDER_PATH)/LegacyBooks";
			};
			name = Release;
		};
		12114E232B695D5500BB6791 /* Debug */ = {
			isa = XCBuildConfiguration;
			buildSettings = {
				ALWAYS_EMBED_SWIFT_STANDARD_LIBRARIES = YES;
				CODE_SIGN_STYLE = Automatic;
				CURRENT_PROJECT_VERSION = 1;
				DEVELOPMENT_TEAM = 8QQYNTY523;
				GENERATE_INFOPLIST_FILE = YES;
				IPHONEOS_DEPLOYMENT_TARGET = 17.2;
				MACOSX_DEPLOYMENT_TARGET = 14.2;
				MARKETING_VERSION = 1.0;
				PRODUCT_BUNDLE_IDENTIFIER = com.weldtactics.LegacyBooksUITests;
				PRODUCT_NAME = "$(TARGET_NAME)";
				SDKROOT = auto;
				SUPPORTED_PLATFORMS = "iphoneos iphonesimulator macosx";
				SWIFT_EMIT_LOC_STRINGS = NO;
				SWIFT_VERSION = 5.0;
				TARGETED_DEVICE_FAMILY = "1,2";
				TEST_TARGET_NAME = LegacyBooks;
			};
			name = Debug;
		};
		12114E242B695D5500BB6791 /* Release */ = {
			isa = XCBuildConfiguration;
			buildSettings = {
				ALWAYS_EMBED_SWIFT_STANDARD_LIBRARIES = YES;
				CODE_SIGN_STYLE = Automatic;
				CURRENT_PROJECT_VERSION = 1;
				DEVELOPMENT_TEAM = 8QQYNTY523;
				GENERATE_INFOPLIST_FILE = YES;
				IPHONEOS_DEPLOYMENT_TARGET = 17.2;
				MACOSX_DEPLOYMENT_TARGET = 14.2;
				MARKETING_VERSION = 1.0;
				PRODUCT_BUNDLE_IDENTIFIER = com.weldtactics.LegacyBooksUITests;
				PRODUCT_NAME = "$(TARGET_NAME)";
				SDKROOT = auto;
				SUPPORTED_PLATFORMS = "iphoneos iphonesimulator macosx";
				SWIFT_EMIT_LOC_STRINGS = NO;
				SWIFT_VERSION = 5.0;
				TARGETED_DEVICE_FAMILY = "1,2";
				TEST_TARGET_NAME = LegacyBooks;
			};
			name = Release;
		};
/* End XCBuildConfiguration section */

/* Begin XCConfigurationList section */
		12114DF22B695D5300BB6791 /* Build configuration list for PBXProject "LegacyBooks" */ = {
			isa = XCConfigurationList;
			buildConfigurations = (
				12114E1A2B695D5500BB6791 /* Debug */,
				12114E1B2B695D5500BB6791 /* Release */,
			);
			defaultConfigurationIsVisible = 0;
			defaultConfigurationName = Release;
		};
		12114E1C2B695D5500BB6791 /* Build configuration list for PBXNativeTarget "LegacyBooks" */ = {
			isa = XCConfigurationList;
			buildConfigurations = (
				12114E1D2B695D5500BB6791 /* Debug */,
				12114E1E2B695D5500BB6791 /* Release */,
			);
			defaultConfigurationIsVisible = 0;
			defaultConfigurationName = Release;
		};
		12114E1F2B695D5500BB6791 /* Build configuration list for PBXNativeTarget "LegacyBooksTests" */ = {
			isa = XCConfigurationList;
			buildConfigurations = (
				12114E202B695D5500BB6791 /* Debug */,
				12114E212B695D5500BB6791 /* Release */,
			);
			defaultConfigurationIsVisible = 0;
			defaultConfigurationName = Release;
		};
		12114E222B695D5500BB6791 /* Build configuration list for PBXNativeTarget "LegacyBooksUITests" */ = {
			isa = XCConfigurationList;
			buildConfigurations = (
				12114E232B695D5500BB6791 /* Debug */,
				12114E242B695D5500BB6791 /* Release */,
			);
			defaultConfigurationIsVisible = 0;
			defaultConfigurationName = Release;
		};
/* End XCConfigurationList section */
	};
	rootObject = 12114DEF2B695D5300BB6791 /* Project object */;
}
